
Microsoft Visual Studio Solution File, Format Version 12.00
# Visual Studio Version 17
VisualStudioVersion = 17.5.33414.496
MinimumVisualStudioVersion = 10.0.40219.1
Project("{FAE04EC0-301F-11D3-BF4B-00C04F79EFBC}") = "Sales.Shared", "Sales.Shared\Sales.Shared.csproj", "{69BDC504-3E35-455A-8C7C-CFE59821E5A7}"
EndProject
Project("{FAE04EC0-301F-11D3-BF4B-00C04F79EFBC}") = "Sales.API", "Sales.API\Sales.API.csproj", "{AB06F433-4C5E-4D93-AE34-01259CDEBEA2}"
EndProject
Project("{FAE04EC0-301F-11D3-BF4B-00C04F79EFBC}") = "Sales.WEB", "Sales.WEB\Sales.WEB.csproj", "{CF3CAFFE-34C4-44AA-AF59-1F20386553CD}"
EndProject
Project("{FAE04EC0-301F-11D3-BF4B-00C04F79EFBC}") = "Sales.Mobile", "Sales.Mobile\Sales.Mobile.csproj", "{ABDDB33B-05CA-4AA7-A114-AC31B54BFC94}"
EndProject
Global
	GlobalSection(SolutionConfigurationPlatforms) = preSolution
		Debug|Any CPU = Debug|Any CPU
		Release|Any CPU = Release|Any CPU
	EndGlobalSection
	GlobalSection(ProjectConfigurationPlatforms) = postSolution
		{69BDC504-3E35-455A-8C7C-CFE59821E5A7}.Debug|Any CPU.ActiveCfg = Debug|Any CPU
		{69BDC504-3E35-455A-8C7C-CFE59821E5A7}.Debug|Any CPU.Build.0 = Debug|Any CPU
		{69BDC504-3E35-455A-8C7C-CFE59821E5A7}.Release|Any CPU.ActiveCfg = Release|Any CPU
		{69BDC504-3E35-455A-8C7C-CFE59821E5A7}.Release|Any CPU.Build.0 = Release|Any CPU
		{AB06F433-4C5E-4D93-AE34-01259CDEBEA2}.Debug|Any CPU.ActiveCfg = Debug|Any CPU
		{AB06F433-4C5E-4D93-AE34-01259CDEBEA2}.Debug|Any CPU.Build.0 = Debug|Any CPU
		{AB06F433-4C5E-4D93-AE34-01259CDEBEA2}.Release|Any CPU.ActiveCfg = Release|Any CPU
		{AB06F433-4C5E-4D93-AE34-01259CDEBEA2}.Release|Any CPU.Build.0 = Release|Any CPU
		{CF3CAFFE-34C4-44AA-AF59-1F20386553CD}.Debug|Any CPU.ActiveCfg = Debug|Any CPU
		{CF3CAFFE-34C4-44AA-AF59-1F20386553CD}.Debug|Any CPU.Build.0 = Debug|Any CPU
		{CF3CAFFE-34C4-44AA-AF59-1F20386553CD}.Release|Any CPU.ActiveCfg = Release|Any CPU
		{CF3CAFFE-34C4-44AA-AF59-1F20386553CD}.Release|Any CPU.Build.0 = Release|Any CPU
		{ABDDB33B-05CA-4AA7-A114-AC31B54BFC94}.Debug|Any CPU.ActiveCfg = Debug|Any CPU
		{ABDDB33B-05CA-4AA7-A114-AC31B54BFC94}.Debug|Any CPU.Build.0 = Debug|Any CPU
		{ABDDB33B-05CA-4AA7-A114-AC31B54BFC94}.Debug|Any CPU.Deploy.0 = Debug|Any CPU
		{ABDDB33B-05CA-4AA7-A114-AC31B54BFC94}.Release|Any CPU.ActiveCfg = Release|Any CPU
		{ABDDB33B-05CA-4AA7-A114-AC31B54BFC94}.Release|Any CPU.Build.0 = Release|Any CPU
		{ABDDB33B-05CA-4AA7-A114-AC31B54BFC94}.Release|Any CPU.Deploy.0 = Release|Any CPU
	EndGlobalSection
	GlobalSection(SolutionProperties) = preSolution
		HideSolutionNode = FALSE
	EndGlobalSection
	GlobalSection(ExtensibilityGlobals) = postSolution
		SolutionGuid = {BFF05DC9-5F1A-416C-B3C8-13EDF496D569}
	EndGlobalSection
EndGlobal
